// !$*UTF8*$!
{
	archiveVersion = 1;
	classes = {
	};
	objectVersion = 46;
	objects = {

/* Begin PBXBuildFile section */
		8415223D199A05EF0013DB55 /* Foundation.framework in Frameworks */ = {isa = PBXBuildFile; fileRef = 8415223C199A05EF0013DB55 /* Foundation.framework */; };
		8415223F199A05EF0013DB55 /* CoreGraphics.framework in Frameworks */ = {isa = PBXBuildFile; fileRef = 8415223E199A05EF0013DB55 /* CoreGraphics.framework */; };
		84152241199A05EF0013DB55 /* UIKit.framework in Frameworks */ = {isa = PBXBuildFile; fileRef = 84152240199A05EF0013DB55 /* UIKit.framework */; };
		84152247199A05EF0013DB55 /* InfoPlist.strings in Resources */ = {isa = PBXBuildFile; fileRef = 84152245199A05EF0013DB55 /* InfoPlist.strings */; };
		84152249199A05EF0013DB55 /* main.m in Sources */ = {isa = PBXBuildFile; fileRef = 84152248199A05EF0013DB55 /* main.m */; };
		8415224D199A05EF0013DB55 /* AppDelegate.m in Sources */ = {isa = PBXBuildFile; fileRef = 8415224C199A05EF0013DB55 /* AppDelegate.m */; };
		8415224F199A05EF0013DB55 /* Images.xcassets in Resources */ = {isa = PBXBuildFile; fileRef = 8415224E199A05EF0013DB55 /* Images.xcassets */; };
		84152256199A05EF0013DB55 /* XCTest.framework in Frameworks */ = {isa = PBXBuildFile; fileRef = 84152255199A05EF0013DB55 /* XCTest.framework */; };
		84152257199A05EF0013DB55 /* Foundation.framework in Frameworks */ = {isa = PBXBuildFile; fileRef = 8415223C199A05EF0013DB55 /* Foundation.framework */; };
		84152258199A05EF0013DB55 /* UIKit.framework in Frameworks */ = {isa = PBXBuildFile; fileRef = 84152240199A05EF0013DB55 /* UIKit.framework */; };
		84152260199A05EF0013DB55 /* InfoPlist.strings in Resources */ = {isa = PBXBuildFile; fileRef = 8415225E199A05EF0013DB55 /* InfoPlist.strings */; };
		84152262199A05EF0013DB55 /* SBVideoCaptureDemoTests.m in Sources */ = {isa = PBXBuildFile; fileRef = 84152261199A05EF0013DB55 /* SBVideoCaptureDemoTests.m */; };
		841522B1199A0D000013DB55 /* AVFoundation.framework in Frameworks */ = {isa = PBXBuildFile; fileRef = 841522B0199A0D000013DB55 /* AVFoundation.framework */; };
		841522B3199A0D130013DB55 /* QuartzCore.framework in Frameworks */ = {isa = PBXBuildFile; fileRef = 841522B2199A0D130013DB55 /* QuartzCore.framework */; };
		843C6B27199C53D100AED0F0 /* ProgressBar.m in Sources */ = {isa = PBXBuildFile; fileRef = 843C6B26199C53D100AED0F0 /* ProgressBar.m */; };
		843C6B31199C56EB00AED0F0 /* DeleteButton.m in Sources */ = {isa = PBXBuildFile; fileRef = 843C6B30199C56EB00AED0F0 /* DeleteButton.m */; };
		84526C14199B093C00E831FB /* CaptureViewController.m in Sources */ = {isa = PBXBuildFile; fileRef = 84526C12199B093C00E831FB /* CaptureViewController.m */; };
		84526C15199B093C00E831FB /* CaptureViewController.xib in Resources */ = {isa = PBXBuildFile; fileRef = 84526C13199B093C00E831FB /* CaptureViewController.xib */; };
		84526C1A199B094700E831FB /* MainViewController.m in Sources */ = {isa = PBXBuildFile; fileRef = 84526C18199B094700E831FB /* MainViewController.m */; };
		84526C1B199B094700E831FB /* MainViewController.xib in Resources */ = {isa = PBXBuildFile; fileRef = 84526C19199B094700E831FB /* MainViewController.xib */; };
		84526C7F199B516200E831FB /* SBCaptureToolKit.m in Sources */ = {isa = PBXBuildFile; fileRef = 84526C7E199B516200E831FB /* SBCaptureToolKit.m */; };
		84526C87199B5FF000E831FB /* SBVideoRecorder.m in Sources */ = {isa = PBXBuildFile; fileRef = 84526C86199B5FF000E831FB /* SBVideoRecorder.m */; };
		845FBDF719A1FDB3004AD585 /* MediaPlayer.framework in Frameworks */ = {isa = PBXBuildFile; fileRef = 845FBDF619A1FDB3004AD585 /* MediaPlayer.framework */; };
		845FBDFC19A208B0004AD585 /* PlayViewController.m in Sources */ = {isa = PBXBuildFile; fileRef = 845FBDFA19A208B0004AD585 /* PlayViewController.m */; };
		845FBDFD19A208B0004AD585 /* PlayViewController.xib in Resources */ = {isa = PBXBuildFile; fileRef = 845FBDFB19A208B0004AD585 /* PlayViewController.xib */; };
		846F434F199C63C1006EBDDF /* IMG_0975.PNG in Resources */ = {isa = PBXBuildFile; fileRef = 846F434B199C63C1006EBDDF /* IMG_0975.PNG */; };
		846F4350199C63C1006EBDDF /* IMG_0972.PNG in Resources */ = {isa = PBXBuildFile; fileRef = 846F434C199C63C1006EBDDF /* IMG_0972.PNG */; };
		846F4351199C63C1006EBDDF /* IMG_0970.PNG in Resources */ = {isa = PBXBuildFile; fileRef = 846F434D199C63C1006EBDDF /* IMG_0970.PNG */; };
		846F4352199C63C1006EBDDF /* IMG_0971.PNG in Resources */ = {isa = PBXBuildFile; fileRef = 846F434E199C63C1006EBDDF /* IMG_0971.PNG */; };
		846F4381199C8C43006EBDDF /* g_tabbar_ic_video_down.png in Resources */ = {isa = PBXBuildFile; fileRef = 846F4353199C8C42006EBDDF /* g_tabbar_ic_video_down.png */; };
		846F4382199C8C43006EBDDF /* g_tabbar_ic_video_down@2x.png in Resources */ = {isa = PBXBuildFile; fileRef = 846F4354199C8C42006EBDDF /* g_tabbar_ic_video_down@2x.png */; };
		846F4383199C8C43006EBDDF /* g_tabbar_ic_video_nor.png in Resources */ = {isa = PBXBuildFile; fileRef = 846F4355199C8C42006EBDDF /* g_tabbar_ic_video_nor.png */; };
		846F4384199C8C43006EBDDF /* g_tabbar_ic_video_nor@2x.png in Resources */ = {isa = PBXBuildFile; fileRef = 846F4356199C8C42006EBDDF /* g_tabbar_ic_video_nor@2x.png */; };
		846F4385199C8C43006EBDDF /* record_close_disable.png in Resources */ = {isa = PBXBuildFile; fileRef = 846F4357199C8C42006EBDDF /* record_close_disable.png */; };
		846F4386199C8C43006EBDDF /* record_close_disable@2x.png in Resources */ = {isa = PBXBuildFile; fileRef = 846F4358199C8C42006EBDDF /* record_close_disable@2x.png */; };
		846F4387199C8C43006EBDDF /* record_close_highlighted.png in Resources */ = {isa = PBXBuildFile; fileRef = 846F4359199C8C42006EBDDF /* record_close_highlighted.png */; };
		846F4388199C8C43006EBDDF /* record_close_highlighted@2x.png in Resources */ = {isa = PBXBuildFile; fileRef = 846F435A199C8C43006EBDDF /* record_close_highlighted@2x.png */; };
		846F4389199C8C43006EBDDF /* record_close_normal.png in Resources */ = {isa = PBXBuildFile; fileRef = 846F435B199C8C43006EBDDF /* record_close_normal.png */; };
		846F438A199C8C43006EBDDF /* record_close_normal@2x.png in Resources */ = {isa = PBXBuildFile; fileRef = 846F435C199C8C43006EBDDF /* record_close_normal@2x.png */; };
		846F438B199C8C43006EBDDF /* record_delete_disable.png in Resources */ = {isa = PBXBuildFile; fileRef = 846F435D199C8C43006EBDDF /* record_delete_disable.png */; };
		846F438C199C8C43006EBDDF /* record_delete_disable@2x.png in Resources */ = {isa = PBXBuildFile; fileRef = 846F435E199C8C43006EBDDF /* record_delete_disable@2x.png */; };
		846F438D199C8C43006EBDDF /* record_delete_normal.png in Resources */ = {isa = PBXBuildFile; fileRef = 846F435F199C8C43006EBDDF /* record_delete_normal.png */; };
		846F438E199C8C43006EBDDF /* record_delete_normal@2x.png in Resources */ = {isa = PBXBuildFile; fileRef = 846F4360199C8C43006EBDDF /* record_delete_normal@2x.png */; };
		846F438F199C8C43006EBDDF /* record_deletesure_normal.png in Resources */ = {isa = PBXBuildFile; fileRef = 846F4361199C8C43006EBDDF /* record_deletesure_normal.png */; };
		846F4390199C8C43006EBDDF /* record_deletesure_normal@2x.png in Resources */ = {isa = PBXBuildFile; fileRef = 846F4362199C8C43006EBDDF /* record_deletesure_normal@2x.png */; };
		846F4391199C8C43006EBDDF /* record_focus_disable.png in Resources */ = {isa = PBXBuildFile; fileRef = 846F4363199C8C43006EBDDF /* record_focus_disable.png */; };
		846F4392199C8C43006EBDDF /* record_focus_disable@2x.png in Resources */ = {isa = PBXBuildFile; fileRef = 846F4364199C8C43006EBDDF /* record_focus_disable@2x.png */; };
		846F4393199C8C43006EBDDF /* record_focus_highlighted.png in Resources */ = {isa = PBXBuildFile; fileRef = 846F4365199C8C43006EBDDF /* record_focus_highlighted.png */; };
		846F4394199C8C43006EBDDF /* record_focus_highlighted@2x.png in Resources */ = {isa = PBXBuildFile; fileRef = 846F4366199C8C43006EBDDF /* record_focus_highlighted@2x.png */; };
		846F4395199C8C43006EBDDF /* record_focus_normal.png in Resources */ = {isa = PBXBuildFile; fileRef = 846F4367199C8C43006EBDDF /* record_focus_normal.png */; };
		846F4396199C8C43006EBDDF /* record_focus_normal@2x.png in Resources */ = {isa = PBXBuildFile; fileRef = 846F4368199C8C43006EBDDF /* record_focus_normal@2x.png */; };
		846F4397199C8C43006EBDDF /* record_focus_off.png in Resources */ = {isa = PBXBuildFile; fileRef = 846F4369199C8C43006EBDDF /* record_focus_off.png */; };
		846F4398199C8C43006EBDDF /* record_focus_off@2x.png in Resources */ = {isa = PBXBuildFile; fileRef = 846F436A199C8C43006EBDDF /* record_focus_off@2x.png */; };
		846F4399199C8C43006EBDDF /* record_icon_hook_highlighted_bg.png in Resources */ = {isa = PBXBuildFile; fileRef = 846F436B199C8C43006EBDDF /* record_icon_hook_highlighted_bg.png */; };
		846F439A199C8C43006EBDDF /* record_icon_hook_highlighted_bg@2x.png in Resources */ = {isa = PBXBuildFile; fileRef = 846F436C199C8C43006EBDDF /* record_icon_hook_highlighted_bg@2x.png */; };
		846F439B199C8C43006EBDDF /* record_icon_hook_normal_bg.png in Resources */ = {isa = PBXBuildFile; fileRef = 846F436D199C8C43006EBDDF /* record_icon_hook_normal_bg.png */; };
		846F439C199C8C43006EBDDF /* record_icon_hook_normal_bg@2x.png in Resources */ = {isa = PBXBuildFile; fileRef = 846F436E199C8C43006EBDDF /* record_icon_hook_normal_bg@2x.png */; };
		846F439D199C8C43006EBDDF /* record_icon_hook_normal.png in Resources */ = {isa = PBXBuildFile; fileRef = 846F436F199C8C43006EBDDF /* record_icon_hook_normal.png */; };
		846F439E199C8C43006EBDDF /* record_icon_hook_normal@2x.png in Resources */ = {isa = PBXBuildFile; fileRef = 846F4370199C8C43006EBDDF /* record_icon_hook_normal@2x.png */; };
		846F439F199C8C43006EBDDF /* record_icon_hook.png in Resources */ = {isa = PBXBuildFile; fileRef = 846F4371199C8C43006EBDDF /* record_icon_hook.png */; };
		846F43A0199C8C43006EBDDF /* record_icon_hook@2x.png in Resources */ = {isa = PBXBuildFile; fileRef = 846F4372199C8C43006EBDDF /* record_icon_hook@2x.png */; };
		846F43A1199C8C43006EBDDF /* record_lensflip_disable.png in Resources */ = {isa = PBXBuildFile; fileRef = 846F4373199C8C43006EBDDF /* record_lensflip_disable.png */; };
		846F43A2199C8C43006EBDDF /* record_lensflip_disable@2x.png in Resources */ = {isa = PBXBuildFile; fileRef = 846F4374199C8C43006EBDDF /* record_lensflip_disable@2x.png */; };
		846F43A3199C8C43006EBDDF /* record_lensflip_highlighted.png in Resources */ = {isa = PBXBuildFile; fileRef = 846F4375199C8C43006EBDDF /* record_lensflip_highlighted.png */; };
		846F43A4199C8C43006EBDDF /* record_lensflip_highlighted@2x.png in Resources */ = {isa = PBXBuildFile; fileRef = 846F4376199C8C43006EBDDF /* record_lensflip_highlighted@2x.png */; };
		846F43A5199C8C43006EBDDF /* record_lensflip_normal.png in Resources */ = {isa = PBXBuildFile; fileRef = 846F4377199C8C43006EBDDF /* record_lensflip_normal.png */; };
		846F43A6199C8C43006EBDDF /* record_lensflip_normal@2x.png in Resources */ = {isa = PBXBuildFile; fileRef = 846F4378199C8C43006EBDDF /* record_lensflip_normal@2x.png */; };
		846F43A7199C8C43006EBDDF /* record_progressbar_front.png in Resources */ = {isa = PBXBuildFile; fileRef = 846F4379199C8C43006EBDDF /* record_progressbar_front.png */; };
		846F43A8199C8C43006EBDDF /* record_progressbar_front@2x.png in Resources */ = {isa = PBXBuildFile; fileRef = 846F437A199C8C43006EBDDF /* record_progressbar_front@2x.png */; };
		846F43A9199C8C43006EBDDF /* record_tool_disable.png in Resources */ = {isa = PBXBuildFile; fileRef = 846F437B199C8C43006EBDDF /* record_tool_disable.png */; };
		846F43AA199C8C43006EBDDF /* record_tool_disable@2x.png in Resources */ = {isa = PBXBuildFile; fileRef = 846F437C199C8C43006EBDDF /* record_tool_disable@2x.png */; };
		846F43AB199C8C43006EBDDF /* record_tool_highlighted.png in Resources */ = {isa = PBXBuildFile; fileRef = 846F437D199C8C43006EBDDF /* record_tool_highlighted.png */; };
		846F43AC199C8C43006EBDDF /* record_tool_highlighted@2x.png in Resources */ = {isa = PBXBuildFile; fileRef = 846F437E199C8C43006EBDDF /* record_tool_highlighted@2x.png */; };
		846F43AD199C8C43006EBDDF /* record_tool_normal.png in Resources */ = {isa = PBXBuildFile; fileRef = 846F437F199C8C43006EBDDF /* record_tool_normal.png */; };
		846F43AE199C8C43006EBDDF /* record_tool_normal@2x.png in Resources */ = {isa = PBXBuildFile; fileRef = 846F4380199C8C43006EBDDF /* record_tool_normal@2x.png */; };
/* End PBXBuildFile section */

/* Begin PBXContainerItemProxy section */
		84152259199A05EF0013DB55 /* PBXContainerItemProxy */ = {
			isa = PBXContainerItemProxy;
			containerPortal = 84152231199A05EF0013DB55 /* Project object */;
			proxyType = 1;
			remoteGlobalIDString = 84152238199A05EF0013DB55;
			remoteInfo = SBVideoCaptureDemo;
		};
/* End PBXContainerItemProxy section */

/* Begin PBXFileReference section */
		84152239199A05EF0013DB55 /* SBVideoCaptureDemo.app */ = {isa = PBXFileReference; explicitFileType = wrapper.application; includeInIndex = 0; path = SBVideoCaptureDemo.app; sourceTree = BUILT_PRODUCTS_DIR; };
		8415223C199A05EF0013DB55 /* Foundation.framework */ = {isa = PBXFileReference; lastKnownFileType = wrapper.framework; name = Foundation.framework; path = System/Library/Frameworks/Foundation.framework; sourceTree = SDKROOT; };
		8415223E199A05EF0013DB55 /* CoreGraphics.framework */ = {isa = PBXFileReference; lastKnownFileType = wrapper.framework; name = CoreGraphics.framework; path = System/Library/Frameworks/CoreGraphics.framework; sourceTree = SDKROOT; };
		84152240199A05EF0013DB55 /* UIKit.framework */ = {isa = PBXFileReference; lastKnownFileType = wrapper.framework; name = UIKit.framework; path = System/Library/Frameworks/UIKit.framework; sourceTree = SDKROOT; };
		84152244199A05EF0013DB55 /* SBVideoCaptureDemo-Info.plist */ = {isa = PBXFileReference; lastKnownFileType = text.plist.xml; path = "SBVideoCaptureDemo-Info.plist"; sourceTree = "<group>"; };
		84152246199A05EF0013DB55 /* en */ = {isa = PBXFileReference; lastKnownFileType = text.plist.strings; name = en; path = en.lproj/InfoPlist.strings; sourceTree = "<group>"; };
		84152248199A05EF0013DB55 /* main.m */ = {isa = PBXFileReference; lastKnownFileType = sourcecode.c.objc; path = main.m; sourceTree = "<group>"; };
		8415224A199A05EF0013DB55 /* SBVideoCaptureDemo-Prefix.pch */ = {isa = PBXFileReference; lastKnownFileType = sourcecode.c.h; path = "SBVideoCaptureDemo-Prefix.pch"; sourceTree = "<group>"; };
		8415224B199A05EF0013DB55 /* AppDelegate.h */ = {isa = PBXFileReference; lastKnownFileType = sourcecode.c.h; path = AppDelegate.h; sourceTree = "<group>"; };
		8415224C199A05EF0013DB55 /* AppDelegate.m */ = {isa = PBXFileReference; lastKnownFileType = sourcecode.c.objc; path = AppDelegate.m; sourceTree = "<group>"; };
		8415224E199A05EF0013DB55 /* Images.xcassets */ = {isa = PBXFileReference; lastKnownFileType = folder.assetcatalog; path = Images.xcassets; sourceTree = "<group>"; };
		84152254199A05EF0013DB55 /* SBVideoCaptureDemoTests.xctest */ = {isa = PBXFileReference; explicitFileType = wrapper.cfbundle; includeInIndex = 0; path = SBVideoCaptureDemoTests.xctest; sourceTree = BUILT_PRODUCTS_DIR; };
		84152255199A05EF0013DB55 /* XCTest.framework */ = {isa = PBXFileReference; lastKnownFileType = wrapper.framework; name = XCTest.framework; path = Library/Frameworks/XCTest.framework; sourceTree = DEVELOPER_DIR; };
		8415225D199A05EF0013DB55 /* SBVideoCaptureDemoTests-Info.plist */ = {isa = PBXFileReference; lastKnownFileType = text.plist.xml; path = "SBVideoCaptureDemoTests-Info.plist"; sourceTree = "<group>"; };
		8415225F199A05EF0013DB55 /* en */ = {isa = PBXFileReference; lastKnownFileType = text.plist.strings; name = en; path = en.lproj/InfoPlist.strings; sourceTree = "<group>"; };
		84152261199A05EF0013DB55 /* SBVideoCaptureDemoTests.m */ = {isa = PBXFileReference; lastKnownFileType = sourcecode.c.objc; path = SBVideoCaptureDemoTests.m; sourceTree = "<group>"; };
		841522B0199A0D000013DB55 /* AVFoundation.framework */ = {isa = PBXFileReference; lastKnownFileType = wrapper.framework; name = AVFoundation.framework; path = System/Library/Frameworks/AVFoundation.framework; sourceTree = SDKROOT; };
		841522B2199A0D130013DB55 /* QuartzCore.framework */ = {isa = PBXFileReference; lastKnownFileType = wrapper.framework; name = QuartzCore.framework; path = System/Library/Frameworks/QuartzCore.framework; sourceTree = SDKROOT; };
		843C6B25199C53D100AED0F0 /* ProgressBar.h */ = {isa = PBXFileReference; fileEncoding = 4; lastKnownFileType = sourcecode.c.h; path = ProgressBar.h; sourceTree = "<group>"; };
		843C6B26199C53D100AED0F0 /* ProgressBar.m */ = {isa = PBXFileReference; fileEncoding = 4; lastKnownFileType = sourcecode.c.objc; path = ProgressBar.m; sourceTree = "<group>"; };
		843C6B2F199C56EB00AED0F0 /* DeleteButton.h */ = {isa = PBXFileReference; fileEncoding = 4; lastKnownFileType = sourcecode.c.h; name = DeleteButton.h; path = DeleteButton/DeleteButton.h; sourceTree = "<group>"; };
		843C6B30199C56EB00AED0F0 /* DeleteButton.m */ = {isa = PBXFileReference; fileEncoding = 4; lastKnownFileType = sourcecode.c.objc; name = DeleteButton.m; path = DeleteButton/DeleteButton.m; sourceTree = "<group>"; };
		844A9192199DBCDE00D2E432 /* CoreMedia.framework */ = {isa = PBXFileReference; lastKnownFileType = wrapper.framework; name = CoreMedia.framework; path = System/Library/Frameworks/CoreMedia.framework; sourceTree = SDKROOT; };
		84526C11199B093C00E831FB /* CaptureViewController.h */ = {isa = PBXFileReference; fileEncoding = 4; lastKnownFileType = sourcecode.c.h; path = CaptureViewController.h; sourceTree = "<group>"; };
		84526C12199B093C00E831FB /* CaptureViewController.m */ = {isa = PBXFileReference; fileEncoding = 4; lastKnownFileType = sourcecode.c.objc; path = CaptureViewController.m; sourceTree = "<group>"; };
		84526C13199B093C00E831FB /* CaptureViewController.xib */ = {isa = PBXFileReference; fileEncoding = 4; lastKnownFileType = file.xib; path = CaptureViewController.xib; sourceTree = "<group>"; };
		84526C17199B094700E831FB /* MainViewController.h */ = {isa = PBXFileReference; fileEncoding = 4; lastKnownFileType = sourcecode.c.h; path = MainViewController.h; sourceTree = "<group>"; };
		84526C18199B094700E831FB /* MainViewController.m */ = {isa = PBXFileReference; fileEncoding = 4; lastKnownFileType = sourcecode.c.objc; path = MainViewController.m; sourceTree = "<group>"; };
		84526C19199B094700E831FB /* MainViewController.xib */ = {isa = PBXFileReference; fileEncoding = 4; lastKnownFileType = file.xib; path = MainViewController.xib; sourceTree = "<group>"; };
		84526C25199B0D9C00E831FB /* SBCaptureDefine.h */ = {isa = PBXFileReference; fileEncoding = 4; lastKnownFileType = sourcecode.c.h; path = SBCaptureDefine.h; sourceTree = "<group>"; };
		84526C7D199B516200E831FB /* SBCaptureToolKit.h */ = {isa = PBXFileReference; fileEncoding = 4; lastKnownFileType = sourcecode.c.h; path = SBCaptureToolKit.h; sourceTree = "<group>"; };
		84526C7E199B516200E831FB /* SBCaptureToolKit.m */ = {isa = PBXFileReference; fileEncoding = 4; lastKnownFileType = sourcecode.c.objc; path = SBCaptureToolKit.m; sourceTree = "<group>"; };
		84526C85199B5FF000E831FB /* SBVideoRecorder.h */ = {isa = PBXFileReference; fileEncoding = 4; lastKnownFileType = sourcecode.c.h; name = SBVideoRecorder.h; path = SBVideoRecorder/SBVideoRecorder.h; sourceTree = "<group>"; };
		84526C86199B5FF000E831FB /* SBVideoRecorder.m */ = {isa = PBXFileReference; fileEncoding = 4; lastKnownFileType = sourcecode.c.objc; name = SBVideoRecorder.m; path = SBVideoRecorder/SBVideoRecorder.m; sourceTree = "<group>"; };
		845FBDF619A1FDB3004AD585 /* MediaPlayer.framework */ = {isa = PBXFileReference; lastKnownFileType = wrapper.framework; name = MediaPlayer.framework; path = System/Library/Frameworks/MediaPlayer.framework; sourceTree = SDKROOT; };
		845FBDF919A208B0004AD585 /* PlayViewController.h */ = {isa = PBXFileReference; fileEncoding = 4; lastKnownFileType = sourcecode.c.h; name = PlayViewController.h; path = PlayerViewController/PlayViewController.h; sourceTree = "<group>"; };
		845FBDFA19A208B0004AD585 /* PlayViewController.m */ = {isa = PBXFileReference; fileEncoding = 4; lastKnownFileType = sourcecode.c.objc; name = PlayViewController.m; path = PlayerViewController/PlayViewController.m; sourceTree = "<group>"; };
		845FBDFB19A208B0004AD585 /* PlayViewController.xib */ = {isa = PBXFileReference; fileEncoding = 4; lastKnownFileType = file.xib; name = PlayViewController.xib; path = PlayerViewController/PlayViewController.xib; sourceTree = "<group>"; };
		846F434B199C63C1006EBDDF /* IMG_0975.PNG */ = {isa = PBXFileReference; lastKnownFileType = image.png; path = IMG_0975.PNG; sourceTree = "<group>"; };
		846F434C199C63C1006EBDDF /* IMG_0972.PNG */ = {isa = PBXFileReference; lastKnownFileType = image.png; path = IMG_0972.PNG; sourceTree = "<group>"; };
		846F434D199C63C1006EBDDF /* IMG_0970.PNG */ = {isa = PBXFileReference; lastKnownFileType = image.png; path = IMG_0970.PNG; sourceTree = "<group>"; };
		846F434E199C63C1006EBDDF /* IMG_0971.PNG */ = {isa = PBXFileReference; lastKnownFileType = image.png; path = IMG_0971.PNG; sourceTree = "<group>"; };
		846F4353199C8C42006EBDDF /* g_tabbar_ic_video_down.png */ = {isa = PBXFileReference; lastKnownFileType = image.png; path = g_tabbar_ic_video_down.png; sourceTree = "<group>"; };
		846F4354199C8C42006EBDDF /* g_tabbar_ic_video_down@2x.png */ = {isa = PBXFileReference; lastKnownFileType = image.png; path = "g_tabbar_ic_video_down@2x.png"; sourceTree = "<group>"; };
		846F4355199C8C42006EBDDF /* g_tabbar_ic_video_nor.png */ = {isa = PBXFileReference; lastKnownFileType = image.png; path = g_tabbar_ic_video_nor.png; sourceTree = "<group>"; };
		846F4356199C8C42006EBDDF /* g_tabbar_ic_video_nor@2x.png */ = {isa = PBXFileReference; lastKnownFileType = image.png; path = "g_tabbar_ic_video_nor@2x.png"; sourceTree = "<group>"; };
		846F4357199C8C42006EBDDF /* record_close_disable.png */ = {isa = PBXFileReference; lastKnownFileType = image.png; path = record_close_disable.png; sourceTree = "<group>"; };
		846F4358199C8C42006EBDDF /* record_close_disable@2x.png */ = {isa = PBXFileReference; lastKnownFileType = image.png; path = "record_close_disable@2x.png"; sourceTree = "<group>"; };
		846F4359199C8C42006EBDDF /* record_close_highlighted.png */ = {isa = PBXFileReference; lastKnownFileType = image.png; path = record_close_highlighted.png; sourceTree = "<group>"; };
		846F435A199C8C43006EBDDF /* record_close_highlighted@2x.png */ = {isa = PBXFileReference; lastKnownFileType = image.png; path = "record_close_highlighted@2x.png"; sourceTree = "<group>"; };
		846F435B199C8C43006EBDDF /* record_close_normal.png */ = {isa = PBXFileReference; lastKnownFileType = image.png; path = record_close_normal.png; sourceTree = "<group>"; };
		846F435C199C8C43006EBDDF /* record_close_normal@2x.png */ = {isa = PBXFileReference; lastKnownFileType = image.png; path = "record_close_normal@2x.png"; sourceTree = "<group>"; };
		846F435D199C8C43006EBDDF /* record_delete_disable.png */ = {isa = PBXFileReference; lastKnownFileType = image.png; path = record_delete_disable.png; sourceTree = "<group>"; };
		846F435E199C8C43006EBDDF /* record_delete_disable@2x.png */ = {isa = PBXFileReference; lastKnownFileType = image.png; path = "record_delete_disable@2x.png"; sourceTree = "<group>"; };
		846F435F199C8C43006EBDDF /* record_delete_normal.png */ = {isa = PBXFileReference; lastKnownFileType = image.png; path = record_delete_normal.png; sourceTree = "<group>"; };
		846F4360199C8C43006EBDDF /* record_delete_normal@2x.png */ = {isa = PBXFileReference; lastKnownFileType = image.png; path = "record_delete_normal@2x.png"; sourceTree = "<group>"; };
		846F4361199C8C43006EBDDF /* record_deletesure_normal.png */ = {isa = PBXFileReference; lastKnownFileType = image.png; path = record_deletesure_normal.png; sourceTree = "<group>"; };
		846F4362199C8C43006EBDDF /* record_deletesure_normal@2x.png */ = {isa = PBXFileReference; lastKnownFileType = image.png; path = "record_deletesure_normal@2x.png"; sourceTree = "<group>"; };
		846F4363199C8C43006EBDDF /* record_focus_disable.png */ = {isa = PBXFileReference; lastKnownFileType = image.png; path = record_focus_disable.png; sourceTree = "<group>"; };
		846F4364199C8C43006EBDDF /* record_focus_disable@2x.png */ = {isa = PBXFileReference; lastKnownFileType = image.png; path = "record_focus_disable@2x.png"; sourceTree = "<group>"; };
		846F4365199C8C43006EBDDF /* record_focus_highlighted.png */ = {isa = PBXFileReference; lastKnownFileType = image.png; path = record_focus_highlighted.png; sourceTree = "<group>"; };
		846F4366199C8C43006EBDDF /* record_focus_highlighted@2x.png */ = {isa = PBXFileReference; lastKnownFileType = image.png; path = "record_focus_highlighted@2x.png"; sourceTree = "<group>"; };
		846F4367199C8C43006EBDDF /* record_focus_normal.png */ = {isa = PBXFileReference; lastKnownFileType = image.png; path = record_focus_normal.png; sourceTree = "<group>"; };
		846F4368199C8C43006EBDDF /* record_focus_normal@2x.png */ = {isa = PBXFileReference; lastKnownFileType = image.png; path = "record_focus_normal@2x.png"; sourceTree = "<group>"; };
		846F4369199C8C43006EBDDF /* record_focus_off.png */ = {isa = PBXFileReference; lastKnownFileType = image.png; path = record_focus_off.png; sourceTree = "<group>"; };
		846F436A199C8C43006EBDDF /* record_focus_off@2x.png */ = {isa = PBXFileReference; lastKnownFileType = image.png; path = "record_focus_off@2x.png"; sourceTree = "<group>"; };
		846F436B199C8C43006EBDDF /* record_icon_hook_highlighted_bg.png */ = {isa = PBXFileReference; lastKnownFileType = image.png; path = record_icon_hook_highlighted_bg.png; sourceTree = "<group>"; };
		846F436C199C8C43006EBDDF /* record_icon_hook_highlighted_bg@2x.png */ = {isa = PBXFileReference; lastKnownFileType = image.png; path = "record_icon_hook_highlighted_bg@2x.png"; sourceTree = "<group>"; };
		846F436D199C8C43006EBDDF /* record_icon_hook_normal_bg.png */ = {isa = PBXFileReference; lastKnownFileType = image.png; path = record_icon_hook_normal_bg.png; sourceTree = "<group>"; };
		846F436E199C8C43006EBDDF /* record_icon_hook_normal_bg@2x.png */ = {isa = PBXFileReference; lastKnownFileType = image.png; path = "record_icon_hook_normal_bg@2x.png"; sourceTree = "<group>"; };
		846F436F199C8C43006EBDDF /* record_icon_hook_normal.png */ = {isa = PBXFileReference; lastKnownFileType = image.png; path = record_icon_hook_normal.png; sourceTree = "<group>"; };
		846F4370199C8C43006EBDDF /* record_icon_hook_normal@2x.png */ = {isa = PBXFileReference; lastKnownFileType = image.png; path = "record_icon_hook_normal@2x.png"; sourceTree = "<group>"; };
		846F4371199C8C43006EBDDF /* record_icon_hook.png */ = {isa = PBXFileReference; lastKnownFileType = image.png; path = record_icon_hook.png; sourceTree = "<group>"; };
		846F4372199C8C43006EBDDF /* record_icon_hook@2x.png */ = {isa = PBXFileReference; lastKnownFileType = image.png; path = "record_icon_hook@2x.png"; sourceTree = "<group>"; };
		846F4373199C8C43006EBDDF /* record_lensflip_disable.png */ = {isa = PBXFileReference; lastKnownFileType = image.png; path = record_lensflip_disable.png; sourceTree = "<group>"; };
		846F4374199C8C43006EBDDF /* record_lensflip_disable@2x.png */ = {isa = PBXFileReference; lastKnownFileType = image.png; path = "record_lensflip_disable@2x.png"; sourceTree = "<group>"; };
		846F4375199C8C43006EBDDF /* record_lensflip_highlighted.png */ = {isa = PBXFileReference; lastKnownFileType = image.png; path = record_lensflip_highlighted.png; sourceTree = "<group>"; };
		846F4376199C8C43006EBDDF /* record_lensflip_highlighted@2x.png */ = {isa = PBXFileReference; lastKnownFileType = image.png; path = "record_lensflip_highlighted@2x.png"; sourceTree = "<group>"; };
		846F4377199C8C43006EBDDF /* record_lensflip_normal.png */ = {isa = PBXFileReference; lastKnownFileType = image.png; path = record_lensflip_normal.png; sourceTree = "<group>"; };
		846F4378199C8C43006EBDDF /* record_lensflip_normal@2x.png */ = {isa = PBXFileReference; lastKnownFileType = image.png; path = "record_lensflip_normal@2x.png"; sourceTree = "<group>"; };
		846F4379199C8C43006EBDDF /* record_progressbar_front.png */ = {isa = PBXFileReference; lastKnownFileType = image.png; path = record_progressbar_front.png; sourceTree = "<group>"; };
		846F437A199C8C43006EBDDF /* record_progressbar_front@2x.png */ = {isa = PBXFileReference; lastKnownFileType = image.png; path = "record_progressbar_front@2x.png"; sourceTree = "<group>"; };
		846F437B199C8C43006EBDDF /* record_tool_disable.png */ = {isa = PBXFileReference; lastKnownFileType = image.png; path = record_tool_disable.png; sourceTree = "<group>"; };
		846F437C199C8C43006EBDDF /* record_tool_disable@2x.png */ = {isa = PBXFileReference; lastKnownFileType = image.png; path = "record_tool_disable@2x.png"; sourceTree = "<group>"; };
		846F437D199C8C43006EBDDF /* record_tool_highlighted.png */ = {isa = PBXFileReference; lastKnownFileType = image.png; path = record_tool_highlighted.png; sourceTree = "<group>"; };
		846F437E199C8C43006EBDDF /* record_tool_highlighted@2x.png */ = {isa = PBXFileReference; lastKnownFileType = image.png; path = "record_tool_highlighted@2x.png"; sourceTree = "<group>"; };
		846F437F199C8C43006EBDDF /* record_tool_normal.png */ = {isa = PBXFileReference; lastKnownFileType = image.png; path = record_tool_normal.png; sourceTree = "<group>"; };
		846F4380199C8C43006EBDDF /* record_tool_normal@2x.png */ = {isa = PBXFileReference; lastKnownFileType = image.png; path = "record_tool_normal@2x.png"; sourceTree = "<group>"; };
/* End PBXFileReference section */

/* Begin PBXFrameworksBuildPhase section */
		84152236199A05EF0013DB55 /* Frameworks */ = {
			isa = PBXFrameworksBuildPhase;
			buildActionMask = 2147483647;
			files = (
				845FBDF719A1FDB3004AD585 /* MediaPlayer.framework in Frameworks */,
				841522B3199A0D130013DB55 /* QuartzCore.framework in Frameworks */,
				841522B1199A0D000013DB55 /* AVFoundation.framework in Frameworks */,
				8415223F199A05EF0013DB55 /* CoreGraphics.framework in Frameworks */,
				84152241199A05EF0013DB55 /* UIKit.framework in Frameworks */,
				8415223D199A05EF0013DB55 /* Foundation.framework in Frameworks */,
			);
			runOnlyForDeploymentPostprocessing = 0;
		};
		84152251199A05EF0013DB55 /* Frameworks */ = {
			isa = PBXFrameworksBuildPhase;
			buildActionMask = 2147483647;
			files = (
				84152256199A05EF0013DB55 /* XCTest.framework in Frameworks */,
				84152258199A05EF0013DB55 /* UIKit.framework in Frameworks */,
				84152257199A05EF0013DB55 /* Foundation.framework in Frameworks */,
			);
			runOnlyForDeploymentPostprocessing = 0;
		};
/* End PBXFrameworksBuildPhase section */

/* Begin PBXGroup section */
		84152230199A05EF0013DB55 = {
			isa = PBXGroup;
			children = (
				84152242199A05EF0013DB55 /* SBVideoCaptureDemo */,
				8415225B199A05EF0013DB55 /* SBVideoCaptureDemoTests */,
				8415223B199A05EF0013DB55 /* Frameworks */,
				8415223A199A05EF0013DB55 /* Products */,
			);
			sourceTree = "<group>";
		};
		8415223A199A05EF0013DB55 /* Products */ = {
			isa = PBXGroup;
			children = (
				84152239199A05EF0013DB55 /* SBVideoCaptureDemo.app */,
				84152254199A05EF0013DB55 /* SBVideoCaptureDemoTests.xctest */,
			);
			name = Products;
			sourceTree = "<group>";
		};
		8415223B199A05EF0013DB55 /* Frameworks */ = {
			isa = PBXGroup;
			children = (
				845FBDF619A1FDB3004AD585 /* MediaPlayer.framework */,
				844A9192199DBCDE00D2E432 /* CoreMedia.framework */,
				841522B2199A0D130013DB55 /* QuartzCore.framework */,
				841522B0199A0D000013DB55 /* AVFoundation.framework */,
				8415223C199A05EF0013DB55 /* Foundation.framework */,
				8415223E199A05EF0013DB55 /* CoreGraphics.framework */,
				84152240199A05EF0013DB55 /* UIKit.framework */,
				84152255199A05EF0013DB55 /* XCTest.framework */,
			);
			name = Frameworks;
			sourceTree = "<group>";
		};
		84152242199A05EF0013DB55 /* SBVideoCaptureDemo */ = {
			isa = PBXGroup;
			children = (
				845FBDF819A2087D004AD585 /* PlayViewController */,
				84526C26199B183900E831FB /* image */,
				84526C16199B094700E831FB /* MainViewController */,
				84526C0F199B093C00E831FB /* SBVideoCapture */,
				8415224B199A05EF0013DB55 /* AppDelegate.h */,
				8415224C199A05EF0013DB55 /* AppDelegate.m */,
				8415224E199A05EF0013DB55 /* Images.xcassets */,
				84152243199A05EF0013DB55 /* Supporting Files */,
			);
			path = SBVideoCaptureDemo;
			sourceTree = "<group>";
		};
		84152243199A05EF0013DB55 /* Supporting Files */ = {
			isa = PBXGroup;
			children = (
				846F434A199C63B3006EBDDF /* preview */,
				84152244199A05EF0013DB55 /* SBVideoCaptureDemo-Info.plist */,
				84152245199A05EF0013DB55 /* InfoPlist.strings */,
				84152248199A05EF0013DB55 /* main.m */,
				8415224A199A05EF0013DB55 /* SBVideoCaptureDemo-Prefix.pch */,
			);
			name = "Supporting Files";
			sourceTree = "<group>";
		};
		8415225B199A05EF0013DB55 /* SBVideoCaptureDemoTests */ = {
			isa = PBXGroup;
			children = (
				84152261199A05EF0013DB55 /* SBVideoCaptureDemoTests.m */,
				8415225C199A05EF0013DB55 /* Supporting Files */,
			);
			path = SBVideoCaptureDemoTests;
			sourceTree = "<group>";
		};
		8415225C199A05EF0013DB55 /* Supporting Files */ = {
			isa = PBXGroup;
			children = (
				8415225D199A05EF0013DB55 /* SBVideoCaptureDemoTests-Info.plist */,
				8415225E199A05EF0013DB55 /* InfoPlist.strings */,
			);
			name = "Supporting Files";
			sourceTree = "<group>";
		};
		843C6B24199C53D100AED0F0 /* ProgressBar */ = {
			isa = PBXGroup;
			children = (
				843C6B25199C53D100AED0F0 /* ProgressBar.h */,
				843C6B26199C53D100AED0F0 /* ProgressBar.m */,
			);
			path = ProgressBar;
			sourceTree = "<group>";
		};
		843C6B28199C55A100AED0F0 /* DeleteButton */ = {
			isa = PBXGroup;
			children = (
				843C6B2F199C56EB00AED0F0 /* DeleteButton.h */,
				843C6B30199C56EB00AED0F0 /* DeleteButton.m */,
			);
			name = DeleteButton;
			sourceTree = "<group>";
		};
		84526C0F199B093C00E831FB /* SBVideoCapture */ = {
			isa = PBXGroup;
			children = (
				84526C84199B5FBF00E831FB /* SBVideoRecoder */,
				84526C25199B0D9C00E831FB /* SBCaptureDefine.h */,
				84526C7D199B516200E831FB /* SBCaptureToolKit.h */,
				84526C7E199B516200E831FB /* SBCaptureToolKit.m */,
				84526C10199B093C00E831FB /* CaptureViewController */,
			);
			path = SBVideoCapture;
			sourceTree = "<group>";
		};
		84526C10199B093C00E831FB /* CaptureViewController */ = {
			isa = PBXGroup;
			children = (
				843C6B28199C55A100AED0F0 /* DeleteButton */,
				843C6B24199C53D100AED0F0 /* ProgressBar */,
				84526C11199B093C00E831FB /* CaptureViewController.h */,
				84526C12199B093C00E831FB /* CaptureViewController.m */,
				84526C13199B093C00E831FB /* CaptureViewController.xib */,
			);
			path = CaptureViewController;
			sourceTree = "<group>";
		};
		84526C16199B094700E831FB /* MainViewController */ = {
			isa = PBXGroup;
			children = (
				84526C17199B094700E831FB /* MainViewController.h */,
				84526C18199B094700E831FB /* MainViewController.m */,
				84526C19199B094700E831FB /* MainViewController.xib */,
			);
			path = MainViewController;
			sourceTree = "<group>";
		};
		84526C26199B183900E831FB /* image */ = {
			isa = PBXGroup;
			children = (
				846F4353199C8C42006EBDDF /* g_tabbar_ic_video_down.png */,
				846F4354199C8C42006EBDDF /* g_tabbar_ic_video_down@2x.png */,
				846F4355199C8C42006EBDDF /* g_tabbar_ic_video_nor.png */,
				846F4356199C8C42006EBDDF /* g_tabbar_ic_video_nor@2x.png */,
				846F4357199C8C42006EBDDF /* record_close_disable.png */,
				846F4358199C8C42006EBDDF /* record_close_disable@2x.png */,
				846F4359199C8C42006EBDDF /* record_close_highlighted.png */,
				846F435A199C8C43006EBDDF /* record_close_highlighted@2x.png */,
				846F435B199C8C43006EBDDF /* record_close_normal.png */,
				846F435C199C8C43006EBDDF /* record_close_normal@2x.png */,
				846F435D199C8C43006EBDDF /* record_delete_disable.png */,
				846F435E199C8C43006EBDDF /* record_delete_disable@2x.png */,
				846F435F199C8C43006EBDDF /* record_delete_normal.png */,
				846F4360199C8C43006EBDDF /* record_delete_normal@2x.png */,
				846F4361199C8C43006EBDDF /* record_deletesure_normal.png */,
				846F4362199C8C43006EBDDF /* record_deletesure_normal@2x.png */,
				846F4363199C8C43006EBDDF /* record_focus_disable.png */,
				846F4364199C8C43006EBDDF /* record_focus_disable@2x.png */,
				846F4365199C8C43006EBDDF /* record_focus_highlighted.png */,
				846F4366199C8C43006EBDDF /* record_focus_highlighted@2x.png */,
				846F4367199C8C43006EBDDF /* record_focus_normal.png */,
				846F4368199C8C43006EBDDF /* record_focus_normal@2x.png */,
				846F4369199C8C43006EBDDF /* record_focus_off.png */,
				846F436A199C8C43006EBDDF /* record_focus_off@2x.png */,
				846F436B199C8C43006EBDDF /* record_icon_hook_highlighted_bg.png */,
				846F436C199C8C43006EBDDF /* record_icon_hook_highlighted_bg@2x.png */,
				846F436D199C8C43006EBDDF /* record_icon_hook_normal_bg.png */,
				846F436E199C8C43006EBDDF /* record_icon_hook_normal_bg@2x.png */,
				846F436F199C8C43006EBDDF /* record_icon_hook_normal.png */,
				846F4370199C8C43006EBDDF /* record_icon_hook_normal@2x.png */,
				846F4371199C8C43006EBDDF /* record_icon_hook.png */,
				846F4372199C8C43006EBDDF /* record_icon_hook@2x.png */,
				846F4373199C8C43006EBDDF /* record_lensflip_disable.png */,
				846F4374199C8C43006EBDDF /* record_lensflip_disable@2x.png */,
				846F4375199C8C43006EBDDF /* record_lensflip_highlighted.png */,
				846F4376199C8C43006EBDDF /* record_lensflip_highlighted@2x.png */,
				846F4377199C8C43006EBDDF /* record_lensflip_normal.png */,
				846F4378199C8C43006EBDDF /* record_lensflip_normal@2x.png */,
				846F4379199C8C43006EBDDF /* record_progressbar_front.png */,
				846F437A199C8C43006EBDDF /* record_progressbar_front@2x.png */,
				846F437B199C8C43006EBDDF /* record_tool_disable.png */,
				846F437C199C8C43006EBDDF /* record_tool_disable@2x.png */,
				846F437D199C8C43006EBDDF /* record_tool_highlighted.png */,
				846F437E199C8C43006EBDDF /* record_tool_highlighted@2x.png */,
				846F437F199C8C43006EBDDF /* record_tool_normal.png */,
				846F4380199C8C43006EBDDF /* record_tool_normal@2x.png */,
			);
			name = image;
			path = SBVideoCapture/image;
			sourceTree = "<group>";
		};
		84526C84199B5FBF00E831FB /* SBVideoRecoder */ = {
			isa = PBXGroup;
			children = (
				84526C85199B5FF000E831FB /* SBVideoRecorder.h */,
				84526C86199B5FF000E831FB /* SBVideoRecorder.m */,
			);
			name = SBVideoRecoder;
			sourceTree = "<group>";
		};
		845FBDF819A2087D004AD585 /* PlayViewController */ = {
			isa = PBXGroup;
			children = (
				845FBDF919A208B0004AD585 /* PlayViewController.h */,
				845FBDFA19A208B0004AD585 /* PlayViewController.m */,
				845FBDFB19A208B0004AD585 /* PlayViewController.xib */,
			);
			name = PlayViewController;
			sourceTree = "<group>";
		};
		846F434A199C63B3006EBDDF /* preview */ = {
			isa = PBXGroup;
			children = (
				846F434B199C63C1006EBDDF /* IMG_0975.PNG */,
				846F434C199C63C1006EBDDF /* IMG_0972.PNG */,
				846F434D199C63C1006EBDDF /* IMG_0970.PNG */,
				846F434E199C63C1006EBDDF /* IMG_0971.PNG */,
			);
			name = preview;
			sourceTree = "<group>";
		};
/* End PBXGroup section */

/* Begin PBXNativeTarget section */
		84152238199A05EF0013DB55 /* SBVideoCaptureDemo */ = {
			isa = PBXNativeTarget;
			buildConfigurationList = 84152265199A05EF0013DB55 /* Build configuration list for PBXNativeTarget "SBVideoCaptureDemo" */;
			buildPhases = (
				84152235199A05EF0013DB55 /* Sources */,
				84152236199A05EF0013DB55 /* Frameworks */,
				84152237199A05EF0013DB55 /* Resources */,
			);
			buildRules = (
			);
			dependencies = (
			);
			name = SBVideoCaptureDemo;
			productName = SBVideoCaptureDemo;
			productReference = 84152239199A05EF0013DB55 /* SBVideoCaptureDemo.app */;
			productType = "com.apple.product-type.application";
		};
		84152253199A05EF0013DB55 /* SBVideoCaptureDemoTests */ = {
			isa = PBXNativeTarget;
			buildConfigurationList = 84152268199A05EF0013DB55 /* Build configuration list for PBXNativeTarget "SBVideoCaptureDemoTests" */;
			buildPhases = (
				84152250199A05EF0013DB55 /* Sources */,
				84152251199A05EF0013DB55 /* Frameworks */,
				84152252199A05EF0013DB55 /* Resources */,
			);
			buildRules = (
			);
			dependencies = (
				8415225A199A05EF0013DB55 /* PBXTargetDependency */,
			);
			name = SBVideoCaptureDemoTests;
			productName = SBVideoCaptureDemoTests;
			productReference = 84152254199A05EF0013DB55 /* SBVideoCaptureDemoTests.xctest */;
			productType = "com.apple.product-type.bundle.unit-test";
		};
/* End PBXNativeTarget section */

/* Begin PBXProject section */
		84152231199A05EF0013DB55 /* Project object */ = {
			isa = PBXProject;
			attributes = {
				LastUpgradeCheck = 0510;
				ORGANIZATIONNAME = Pandara;
				TargetAttributes = {
					84152238199A05EF0013DB55 = {
						DevelopmentTeam = 77BG5776U4;
					};
					84152253199A05EF0013DB55 = {
						TestTargetID = 84152238199A05EF0013DB55;
					};
				};
			};
			buildConfigurationList = 84152234199A05EF0013DB55 /* Build configuration list for PBXProject "SBVideoCaptureDemo" */;
			compatibilityVersion = "Xcode 3.2";
			developmentRegion = English;
			hasScannedForEncodings = 0;
			knownRegions = (
				en,
			);
			mainGroup = 84152230199A05EF0013DB55;
			productRefGroup = 8415223A199A05EF0013DB55 /* Products */;
			projectDirPath = "";
			projectRoot = "";
			targets = (
				84152238199A05EF0013DB55 /* SBVideoCaptureDemo */,
				84152253199A05EF0013DB55 /* SBVideoCaptureDemoTests */,
			);
		};
/* End PBXProject section */

/* Begin PBXResourcesBuildPhase section */
		84152237199A05EF0013DB55 /* Resources */ = {
			isa = PBXResourcesBuildPhase;
			buildActionMask = 2147483647;
			files = (
				846F4388199C8C43006EBDDF /* record_close_highlighted@2x.png in Resources */,
				846F439D199C8C43006EBDDF /* record_icon_hook_normal.png in Resources */,
				846F438A199C8C43006EBDDF /* record_close_normal@2x.png in Resources */,
				846F43A0199C8C43006EBDDF /* record_icon_hook@2x.png in Resources */,
				846F434F199C63C1006EBDDF /* IMG_0975.PNG in Resources */,
				846F439F199C8C43006EBDDF /* record_icon_hook.png in Resources */,
				846F43A9199C8C43006EBDDF /* record_tool_disable.png in Resources */,
				846F4396199C8C43006EBDDF /* record_focus_normal@2x.png in Resources */,
				846F439A199C8C43006EBDDF /* record_icon_hook_highlighted_bg@2x.png in Resources */,
				846F43AB199C8C43006EBDDF /* record_tool_highlighted.png in Resources */,
				846F4386199C8C43006EBDDF /* record_close_disable@2x.png in Resources */,
				846F4390199C8C43006EBDDF /* record_deletesure_normal@2x.png in Resources */,
				846F4350199C63C1006EBDDF /* IMG_0972.PNG in Resources */,
				846F4387199C8C43006EBDDF /* record_close_highlighted.png in Resources */,
				846F43A8199C8C43006EBDDF /* record_progressbar_front@2x.png in Resources */,
				846F439E199C8C43006EBDDF /* record_icon_hook_normal@2x.png in Resources */,
				846F4381199C8C43006EBDDF /* g_tabbar_ic_video_down.png in Resources */,
				846F43AA199C8C43006EBDDF /* record_tool_disable@2x.png in Resources */,
				846F4391199C8C43006EBDDF /* record_focus_disable.png in Resources */,
				846F4383199C8C43006EBDDF /* g_tabbar_ic_video_nor.png in Resources */,
				846F4389199C8C43006EBDDF /* record_close_normal.png in Resources */,
				846F4398199C8C43006EBDDF /* record_focus_off@2x.png in Resources */,
				846F43A4199C8C43006EBDDF /* record_lensflip_highlighted@2x.png in Resources */,
				846F4397199C8C43006EBDDF /* record_focus_off.png in Resources */,
				846F43A1199C8C43006EBDDF /* record_lensflip_disable.png in Resources */,
				84152247199A05EF0013DB55 /* InfoPlist.strings in Resources */,
				84526C15199B093C00E831FB /* CaptureViewController.xib in Resources */,
				846F4384199C8C43006EBDDF /* g_tabbar_ic_video_nor@2x.png in Resources */,
				846F4395199C8C43006EBDDF /* record_focus_normal.png in Resources */,
				845FBDFD19A208B0004AD585 /* PlayViewController.xib in Resources */,
				846F439C199C8C43006EBDDF /* record_icon_hook_normal_bg@2x.png in Resources */,
				846F4393199C8C43006EBDDF /* record_focus_highlighted.png in Resources */,
				8415224F199A05EF0013DB55 /* Images.xcassets in Resources */,
				846F4351199C63C1006EBDDF /* IMG_0970.PNG in Resources */,
				846F438B199C8C43006EBDDF /* record_delete_disable.png in Resources */,
				846F4399199C8C43006EBDDF /* record_icon_hook_highlighted_bg.png in Resources */,
				846F438E199C8C43006EBDDF /* record_delete_normal@2x.png in Resources */,
				846F43A3199C8C43006EBDDF /* record_lensflip_highlighted.png in Resources */,
				846F43A6199C8C43006EBDDF /* record_lensflip_normal@2x.png in Resources */,
				846F43A7199C8C43006EBDDF /* record_progressbar_front.png in Resources */,
				846F4352199C63C1006EBDDF /* IMG_0971.PNG in Resources */,
				846F43A5199C8C43006EBDDF /* record_lensflip_normal.png in Resources */,
				846F4392199C8C43006EBDDF /* record_focus_disable@2x.png in Resources */,
				846F4385199C8C43006EBDDF /* record_close_disable.png in Resources */,
				846F43AC199C8C43006EBDDF /* record_tool_highlighted@2x.png in Resources */,
				846F4394199C8C43006EBDDF /* record_focus_highlighted@2x.png in Resources */,
				846F438D199C8C43006EBDDF /* record_delete_normal.png in Resources */,
				846F438C199C8C43006EBDDF /* record_delete_disable@2x.png in Resources */,
				846F43AD199C8C43006EBDDF /* record_tool_normal.png in Resources */,
				846F43AE199C8C43006EBDDF /* record_tool_normal@2x.png in Resources */,
				846F4382199C8C43006EBDDF /* g_tabbar_ic_video_down@2x.png in Resources */,
				846F438F199C8C43006EBDDF /* record_deletesure_normal.png in Resources */,
				846F439B199C8C43006EBDDF /* record_icon_hook_normal_bg.png in Resources */,
				84526C1B199B094700E831FB /* MainViewController.xib in Resources */,
				846F43A2199C8C43006EBDDF /* record_lensflip_disable@2x.png in Resources */,
			);
			runOnlyForDeploymentPostprocessing = 0;
		};
		84152252199A05EF0013DB55 /* Resources */ = {
			isa = PBXResourcesBuildPhase;
			buildActionMask = 2147483647;
			files = (
				84152260199A05EF0013DB55 /* InfoPlist.strings in Resources */,
			);
			runOnlyForDeploymentPostprocessing = 0;
		};
/* End PBXResourcesBuildPhase section */

/* Begin PBXSourcesBuildPhase section */
		84152235199A05EF0013DB55 /* Sources */ = {
			isa = PBXSourcesBuildPhase;
			buildActionMask = 2147483647;
			files = (
				843C6B31199C56EB00AED0F0 /* DeleteButton.m in Sources */,
				84526C87199B5FF000E831FB /* SBVideoRecorder.m in Sources */,
				8415224D199A05EF0013DB55 /* AppDelegate.m in Sources */,
				843C6B27199C53D100AED0F0 /* ProgressBar.m in Sources */,
				84152249199A05EF0013DB55 /* main.m in Sources */,
				84526C14199B093C00E831FB /* CaptureViewController.m in Sources */,
				84526C1A199B094700E831FB /* MainViewController.m in Sources */,
				845FBDFC19A208B0004AD585 /* PlayViewController.m in Sources */,
				84526C7F199B516200E831FB /* SBCaptureToolKit.m in Sources */,
			);
			runOnlyForDeploymentPostprocessing = 0;
		};
		84152250199A05EF0013DB55 /* Sources */ = {
			isa = PBXSourcesBuildPhase;
			buildActionMask = 2147483647;
			files = (
				84152262199A05EF0013DB55 /* SBVideoCaptureDemoTests.m in Sources */,
			);
			runOnlyForDeploymentPostprocessing = 0;
		};
/* End PBXSourcesBuildPhase section */

/* Begin PBXTargetDependency section */
		8415225A199A05EF0013DB55 /* PBXTargetDependency */ = {
			isa = PBXTargetDependency;
			target = 84152238199A05EF0013DB55 /* SBVideoCaptureDemo */;
			targetProxy = 84152259199A05EF0013DB55 /* PBXContainerItemProxy */;
		};
/* End PBXTargetDependency section */

/* Begin PBXVariantGroup section */
		84152245199A05EF0013DB55 /* InfoPlist.strings */ = {
			isa = PBXVariantGroup;
			children = (
				84152246199A05EF0013DB55 /* en */,
			);
			name = InfoPlist.strings;
			sourceTree = "<group>";
		};
		8415225E199A05EF0013DB55 /* InfoPlist.strings */ = {
			isa = PBXVariantGroup;
			children = (
				8415225F199A05EF0013DB55 /* en */,
			);
			name = InfoPlist.strings;
			sourceTree = "<group>";
		};
/* End PBXVariantGroup section */

/* Begin XCBuildConfiguration section */
		84152263199A05EF0013DB55 /* Debug */ = {
			isa = XCBuildConfiguration;
			buildSettings = {
				ALWAYS_SEARCH_USER_PATHS = NO;
				CLANG_CXX_LANGUAGE_STANDARD = "gnu++0x";
				CLANG_CXX_LIBRARY = "libc++";
				CLANG_ENABLE_MODULES = YES;
				CLANG_ENABLE_OBJC_ARC = YES;
				CLANG_WARN_BOOL_CONVERSION = YES;
				CLANG_WARN_CONSTANT_CONVERSION = YES;
				CLANG_WARN_DIRECT_OBJC_ISA_USAGE = YES_ERROR;
				CLANG_WARN_EMPTY_BODY = YES;
				CLANG_WARN_ENUM_CONVERSION = YES;
				CLANG_WARN_INT_CONVERSION = YES;
				CLANG_WARN_OBJC_ROOT_CLASS = YES_ERROR;
				CLANG_WARN__DUPLICATE_METHOD_MATCH = YES;
				"CODE_SIGN_IDENTITY[sdk=iphoneos*]" = "iPhone Developer";
				COPY_PHASE_STRIP = NO;
				GCC_C_LANGUAGE_STANDARD = gnu99;
				GCC_DYNAMIC_NO_PIC = NO;
				GCC_OPTIMIZATION_LEVEL = 0;
				GCC_PREPROCESSOR_DEFINITIONS = (
					"DEBUG=1",
					"$(inherited)",
				);
				GCC_SYMBOLS_PRIVATE_EXTERN = NO;
				GCC_WARN_64_TO_32_BIT_CONVERSION = YES;
				GCC_WARN_ABOUT_RETURN_TYPE = YES_ERROR;
				GCC_WARN_UNDECLARED_SELECTOR = YES;
				GCC_WARN_UNINITIALIZED_AUTOS = YES_AGGRESSIVE;
				GCC_WARN_UNUSED_FUNCTION = YES;
				GCC_WARN_UNUSED_VARIABLE = YES;
				IPHONEOS_DEPLOYMENT_TARGET = 7.1;
				ONLY_ACTIVE_ARCH = YES;
				SDKROOT = iphoneos;
				TARGETED_DEVICE_FAMILY = "1,2";
			};
			name = Debug;
		};
		84152264199A05EF0013DB55 /* Release */ = {
			isa = XCBuildConfiguration;
			buildSettings = {
				ALWAYS_SEARCH_USER_PATHS = NO;
				CLANG_CXX_LANGUAGE_STANDARD = "gnu++0x";
				CLANG_CXX_LIBRARY = "libc++";
				CLANG_ENABLE_MODULES = YES;
				CLANG_ENABLE_OBJC_ARC = YES;
				CLANG_WARN_BOOL_CONVERSION = YES;
				CLANG_WARN_CONSTANT_CONVERSION = YES;
				CLANG_WARN_DIRECT_OBJC_ISA_USAGE = YES_ERROR;
				CLANG_WARN_EMPTY_BODY = YES;
				CLANG_WARN_ENUM_CONVERSION = YES;
				CLANG_WARN_INT_CONVERSION = YES;
				CLANG_WARN_OBJC_ROOT_CLASS = YES_ERROR;
				CLANG_WARN__DUPLICATE_METHOD_MATCH = YES;
				"CODE_SIGN_IDENTITY[sdk=iphoneos*]" = "iPhone Developer";
				COPY_PHASE_STRIP = YES;
				ENABLE_NS_ASSERTIONS = NO;
				GCC_C_LANGUAGE_STANDARD = gnu99;
				GCC_WARN_64_TO_32_BIT_CONVERSION = YES;
				GCC_WARN_ABOUT_RETURN_TYPE = YES_ERROR;
				GCC_WARN_UNDECLARED_SELECTOR = YES;
				GCC_WARN_UNINITIALIZED_AUTOS = YES_AGGRESSIVE;
				GCC_WARN_UNUSED_FUNCTION = YES;
				GCC_WARN_UNUSED_VARIABLE = YES;
				IPHONEOS_DEPLOYMENT_TARGET = 7.1;
				SDKROOT = iphoneos;
				TARGETED_DEVICE_FAMILY = "1,2";
				VALIDATE_PRODUCT = YES;
			};
			name = Release;
		};
		84152266199A05EF0013DB55 /* Debug */ = {
			isa = XCBuildConfiguration;
			buildSettings = {
				ASSETCATALOG_COMPILER_APPICON_NAME = AppIcon;
				ASSETCATALOG_COMPILER_LAUNCHIMAGE_NAME = LaunchImage;
				CODE_SIGN_IDENTITY = "iPhone Developer: lei yong (K974H54X57)";
				GCC_PRECOMPILE_PREFIX_HEADER = YES;
				GCC_PREFIX_HEADER = "SBVideoCaptureDemo/SBVideoCaptureDemo-Prefix.pch";
				INFOPLIST_FILE = "SBVideoCaptureDemo/SBVideoCaptureDemo-Info.plist";
				IPHONEOS_DEPLOYMENT_TARGET = 7.0;
				PRODUCT_NAME = "$(TARGET_NAME)";
				PROVISIONING_PROFILE = "736F0992-87A6-40C8-A82E-0C24AF006A13";
				TARGETED_DEVICE_FAMILY = 1;
				WRAPPER_EXTENSION = app;
			};
			name = Debug;
		};
		84152267199A05EF0013DB55 /* Release */ = {
			isa = XCBuildConfiguration;
			buildSettings = {
				ASSETCATALOG_COMPILER_APPICON_NAME = AppIcon;
				ASSETCATALOG_COMPILER_LAUNCHIMAGE_NAME = LaunchImage;
				CODE_SIGN_IDENTITY = "iPhone Developer: lei yong (K974H54X57)";
				GCC_PRECOMPILE_PREFIX_HEADER = YES;
				GCC_PREFIX_HEADER = "SBVideoCaptureDemo/SBVideoCaptureDemo-Prefix.pch";
				INFOPLIST_FILE = "SBVideoCaptureDemo/SBVideoCaptureDemo-Info.plist";
				IPHONEOS_DEPLOYMENT_TARGET = 7.0;
				PRODUCT_NAME = "$(TARGET_NAME)";
				PROVISIONING_PROFILE = "736F0992-87A6-40C8-A82E-0C24AF006A13";
				TARGETED_DEVICE_FAMILY = 1;
				WRAPPER_EXTENSION = app;
			};
			name = Release;
		};
		84152269199A05EF0013DB55 /* Debug */ = {
			isa = XCBuildConfiguration;
			buildSettings = {
				BUNDLE_LOADER = "$(BUILT_PRODUCTS_DIR)/SBVideoCaptureDemo.app/SBVideoCaptureDemo";
				FRAMEWORK_SEARCH_PATHS = (
					"$(SDKROOT)/Developer/Library/Frameworks",
					"$(inherited)",
					"$(DEVELOPER_FRAMEWORKS_DIR)",
				);
				GCC_PRECOMPILE_PREFIX_HEADER = YES;
				GCC_PREFIX_HEADER = "SBVideoCaptureDemo/SBVideoCaptureDemo-Prefix.pch";
				GCC_PREPROCESSOR_DEFINITIONS = (
					"DEBUG=1",
					"$(inherited)",
				);
				INFOPLIST_FILE = "SBVideoCaptureDemoTests/SBVideoCaptureDemoTests-Info.plist";
				PRODUCT_NAME = "$(TARGET_NAME)";
				TEST_HOST = "$(BUNDLE_LOADER)";
				WRAPPER_EXTENSION = xctest;
			};
			name = Debug;
		};
		8415226A199A05EF0013DB55 /* Release */ = {
			isa = XCBuildConfiguration;
			buildSettings = {
				BUNDLE_LOADER = "$(BUILT_PRODUCTS_DIR)/SBVideoCaptureDemo.app/SBVideoCaptureDemo";
				FRAMEWORK_SEARCH_PATHS = (
					"$(SDKROOT)/Developer/Library/Frameworks",
					"$(inherited)",
					"$(DEVELOPER_FRAMEWORKS_DIR)",
				);
				GCC_PRECOMPILE_PREFIX_HEADER = YES;
				GCC_PREFIX_HEADER = "SBVideoCaptureDemo/SBVideoCaptureDemo-Prefix.pch";
				INFOPLIST_FILE = "SBVideoCaptureDemoTests/SBVideoCaptureDemoTests-Info.plist";
				PRODUCT_NAME = "$(TARGET_NAME)";
				TEST_HOST = "$(BUNDLE_LOADER)";
				WRAPPER_EXTENSION = xctest;
			};
			name = Release;
		};
/* End XCBuildConfiguration section */

/* Begin XCConfigurationList section */
		84152234199A05EF0013DB55 /* Build configuration list for PBXProject "SBVideoCaptureDemo" */ = {
			isa = XCConfigurationList;
			buildConfigurations = (
				84152263199A05EF0013DB55 /* Debug */,
				84152264199A05EF0013DB55 /* Release */,
			);
			defaultConfigurationIsVisible = 0;
			defaultConfigurationName = Release;
		};
		84152265199A05EF0013DB55 /* Build configuration list for PBXNativeTarget "SBVideoCaptureDemo" */ = {
			isa = XCConfigurationList;
			buildConfigurations = (
				84152266199A05EF0013DB55 /* Debug */,
				84152267199A05EF0013DB55 /* Release */,
			);
			defaultConfigurationIsVisible = 0;
			defaultConfigurationName = Release;
		};
		84152268199A05EF0013DB55 /* Build configuration list for PBXNativeTarget "SBVideoCaptureDemoTests" */ = {
			isa = XCConfigurationList;
			buildConfigurations = (
				84152269199A05EF0013DB55 /* Debug */,
				8415226A199A05EF0013DB55 /* Release */,
			);
			defaultConfigurationIsVisible = 0;
			defaultConfigurationName = Release;
		};
/* End XCConfigurationList section */
	};
	rootObject = 84152231199A05EF0013DB55 /* Project object */;
}
